// !$*UTF8*$!
{
	archiveVersion = 1;
	classes = {
	};
	objectVersion = 50;
	objects = {

/* Begin PBXBuildFile section */
<<<<<<< HEAD
		18F01E6D23229215008AFF25 /* AppDelegate.swift in Sources */ = {isa = PBXBuildFile; fileRef = 18F01E6C23229215008AFF25 /* AppDelegate.swift */; };
		18F01E6F23229215008AFF25 /* ViewController.swift in Sources */ = {isa = PBXBuildFile; fileRef = 18F01E6E23229215008AFF25 /* ViewController.swift */; };
		18F01E7223229215008AFF25 /* Main.storyboard in Resources */ = {isa = PBXBuildFile; fileRef = 18F01E7023229215008AFF25 /* Main.storyboard */; };
		18F01E7423229217008AFF25 /* Assets.xcassets in Resources */ = {isa = PBXBuildFile; fileRef = 18F01E7323229217008AFF25 /* Assets.xcassets */; };
		18F01E7723229217008AFF25 /* LaunchScreen.storyboard in Resources */ = {isa = PBXBuildFile; fileRef = 18F01E7523229217008AFF25 /* LaunchScreen.storyboard */; };
/* End PBXBuildFile section */

/* Begin PBXFileReference section */
		18F01E6923229215008AFF25 /* MeetingRooms.app */ = {isa = PBXFileReference; explicitFileType = wrapper.application; includeInIndex = 0; path = MeetingRooms.app; sourceTree = BUILT_PRODUCTS_DIR; };
		18F01E6C23229215008AFF25 /* AppDelegate.swift */ = {isa = PBXFileReference; lastKnownFileType = sourcecode.swift; path = AppDelegate.swift; sourceTree = "<group>"; };
		18F01E6E23229215008AFF25 /* ViewController.swift */ = {isa = PBXFileReference; lastKnownFileType = sourcecode.swift; path = ViewController.swift; sourceTree = "<group>"; };
		18F01E7123229215008AFF25 /* Base */ = {isa = PBXFileReference; lastKnownFileType = file.storyboard; name = Base; path = Base.lproj/Main.storyboard; sourceTree = "<group>"; };
		18F01E7323229217008AFF25 /* Assets.xcassets */ = {isa = PBXFileReference; lastKnownFileType = folder.assetcatalog; path = Assets.xcassets; sourceTree = "<group>"; };
		18F01E7623229217008AFF25 /* Base */ = {isa = PBXFileReference; lastKnownFileType = file.storyboard; name = Base; path = Base.lproj/LaunchScreen.storyboard; sourceTree = "<group>"; };
		18F01E7823229217008AFF25 /* Info.plist */ = {isa = PBXFileReference; lastKnownFileType = text.plist.xml; path = Info.plist; sourceTree = "<group>"; };
/* End PBXFileReference section */

/* Begin PBXFrameworksBuildPhase section */
		18F01E6623229215008AFF25 /* Frameworks */ = {
=======
		1815535D2333A0DA0017F655 /* AppDelegate.swift in Sources */ = {isa = PBXBuildFile; fileRef = 1815535C2333A0DA0017F655 /* AppDelegate.swift */; };
		1815535F2333A0DA0017F655 /* ViewController.swift in Sources */ = {isa = PBXBuildFile; fileRef = 1815535E2333A0DA0017F655 /* ViewController.swift */; };
		181553622333A0DA0017F655 /* Main.storyboard in Resources */ = {isa = PBXBuildFile; fileRef = 181553602333A0DA0017F655 /* Main.storyboard */; };
		181553642333A0DB0017F655 /* Assets.xcassets in Resources */ = {isa = PBXBuildFile; fileRef = 181553632333A0DB0017F655 /* Assets.xcassets */; };
		181553672333A0DB0017F655 /* LaunchScreen.storyboard in Resources */ = {isa = PBXBuildFile; fileRef = 181553652333A0DB0017F655 /* LaunchScreen.storyboard */; };
		1815536F2333A90E0017F655 /* MeetingRoomListViewController.swift in Sources */ = {isa = PBXBuildFile; fileRef = 1815536E2333A90E0017F655 /* MeetingRoomListViewController.swift */; };
/* End PBXBuildFile section */

/* Begin PBXFileReference section */
		181553592333A0DA0017F655 /* MeetingRooms.app */ = {isa = PBXFileReference; explicitFileType = wrapper.application; includeInIndex = 0; path = MeetingRooms.app; sourceTree = BUILT_PRODUCTS_DIR; };
		1815535C2333A0DA0017F655 /* AppDelegate.swift */ = {isa = PBXFileReference; lastKnownFileType = sourcecode.swift; path = AppDelegate.swift; sourceTree = "<group>"; };
		1815535E2333A0DA0017F655 /* ViewController.swift */ = {isa = PBXFileReference; lastKnownFileType = sourcecode.swift; path = ViewController.swift; sourceTree = "<group>"; };
		181553612333A0DA0017F655 /* Base */ = {isa = PBXFileReference; lastKnownFileType = file.storyboard; name = Base; path = Base.lproj/Main.storyboard; sourceTree = "<group>"; };
		181553632333A0DB0017F655 /* Assets.xcassets */ = {isa = PBXFileReference; lastKnownFileType = folder.assetcatalog; path = Assets.xcassets; sourceTree = "<group>"; };
		181553662333A0DB0017F655 /* Base */ = {isa = PBXFileReference; lastKnownFileType = file.storyboard; name = Base; path = Base.lproj/LaunchScreen.storyboard; sourceTree = "<group>"; };
		181553682333A0DB0017F655 /* Info.plist */ = {isa = PBXFileReference; lastKnownFileType = text.plist.xml; path = Info.plist; sourceTree = "<group>"; };
		1815536E2333A90E0017F655 /* MeetingRoomListViewController.swift */ = {isa = PBXFileReference; lastKnownFileType = sourcecode.swift; path = MeetingRoomListViewController.swift; sourceTree = "<group>"; };
/* End PBXFileReference section */

/* Begin PBXFrameworksBuildPhase section */
		181553562333A0DA0017F655 /* Frameworks */ = {
>>>>>>> 251e153dacfd44da44050864fa1bed0b90353316
			isa = PBXFrameworksBuildPhase;
			buildActionMask = 2147483647;
			files = (
			);
			runOnlyForDeploymentPostprocessing = 0;
		};
/* End PBXFrameworksBuildPhase section */

/* Begin PBXGroup section */
<<<<<<< HEAD
		18F01E6023229215008AFF25 = {
			isa = PBXGroup;
			children = (
				18F01E6B23229215008AFF25 /* MeetingRooms */,
				18F01E6A23229215008AFF25 /* Products */,
			);
			sourceTree = "<group>";
		};
		18F01E6A23229215008AFF25 /* Products */ = {
			isa = PBXGroup;
			children = (
				18F01E6923229215008AFF25 /* MeetingRooms.app */,
=======
		181553502333A0DA0017F655 = {
			isa = PBXGroup;
			children = (
				1815535B2333A0DA0017F655 /* MeetingRooms */,
				1815535A2333A0DA0017F655 /* Products */,
			);
			sourceTree = "<group>";
		};
		1815535A2333A0DA0017F655 /* Products */ = {
			isa = PBXGroup;
			children = (
				181553592333A0DA0017F655 /* MeetingRooms.app */,
>>>>>>> 251e153dacfd44da44050864fa1bed0b90353316
			);
			name = Products;
			sourceTree = "<group>";
		};
<<<<<<< HEAD
		18F01E6B23229215008AFF25 /* MeetingRooms */ = {
			isa = PBXGroup;
			children = (
				18F01E6C23229215008AFF25 /* AppDelegate.swift */,
				18F01E6E23229215008AFF25 /* ViewController.swift */,
				18F01E7023229215008AFF25 /* Main.storyboard */,
				18F01E7323229217008AFF25 /* Assets.xcassets */,
				18F01E7523229217008AFF25 /* LaunchScreen.storyboard */,
				18F01E7823229217008AFF25 /* Info.plist */,
=======
		1815535B2333A0DA0017F655 /* MeetingRooms */ = {
			isa = PBXGroup;
			children = (
				1815535C2333A0DA0017F655 /* AppDelegate.swift */,
				1815535E2333A0DA0017F655 /* ViewController.swift */,
				181553602333A0DA0017F655 /* Main.storyboard */,
				1815536E2333A90E0017F655 /* MeetingRoomListViewController.swift */,
				181553632333A0DB0017F655 /* Assets.xcassets */,
				181553652333A0DB0017F655 /* LaunchScreen.storyboard */,
				181553682333A0DB0017F655 /* Info.plist */,
>>>>>>> 251e153dacfd44da44050864fa1bed0b90353316
			);
			path = MeetingRooms;
			sourceTree = "<group>";
		};
/* End PBXGroup section */

/* Begin PBXNativeTarget section */
<<<<<<< HEAD
		18F01E6823229215008AFF25 /* MeetingRooms */ = {
			isa = PBXNativeTarget;
			buildConfigurationList = 18F01E7B23229217008AFF25 /* Build configuration list for PBXNativeTarget "MeetingRooms" */;
			buildPhases = (
				18F01E6523229215008AFF25 /* Sources */,
				18F01E6623229215008AFF25 /* Frameworks */,
				18F01E6723229215008AFF25 /* Resources */,
=======
		181553582333A0DA0017F655 /* MeetingRooms */ = {
			isa = PBXNativeTarget;
			buildConfigurationList = 1815536B2333A0DB0017F655 /* Build configuration list for PBXNativeTarget "MeetingRooms" */;
			buildPhases = (
				181553552333A0DA0017F655 /* Sources */,
				181553562333A0DA0017F655 /* Frameworks */,
				181553572333A0DA0017F655 /* Resources */,
>>>>>>> 251e153dacfd44da44050864fa1bed0b90353316
			);
			buildRules = (
			);
			dependencies = (
			);
			name = MeetingRooms;
			productName = MeetingRooms;
<<<<<<< HEAD
			productReference = 18F01E6923229215008AFF25 /* MeetingRooms.app */;
=======
			productReference = 181553592333A0DA0017F655 /* MeetingRooms.app */;
>>>>>>> 251e153dacfd44da44050864fa1bed0b90353316
			productType = "com.apple.product-type.application";
		};
/* End PBXNativeTarget section */

/* Begin PBXProject section */
<<<<<<< HEAD
		18F01E6123229215008AFF25 /* Project object */ = {
=======
		181553512333A0DA0017F655 /* Project object */ = {
>>>>>>> 251e153dacfd44da44050864fa1bed0b90353316
			isa = PBXProject;
			attributes = {
				LastSwiftUpdateCheck = 1030;
				LastUpgradeCheck = 1030;
				ORGANIZATIONNAME = yhkim;
				TargetAttributes = {
<<<<<<< HEAD
					18F01E6823229215008AFF25 = {
=======
					181553582333A0DA0017F655 = {
>>>>>>> 251e153dacfd44da44050864fa1bed0b90353316
						CreatedOnToolsVersion = 10.3;
					};
				};
			};
<<<<<<< HEAD
			buildConfigurationList = 18F01E6423229215008AFF25 /* Build configuration list for PBXProject "MeetingRooms" */;
=======
			buildConfigurationList = 181553542333A0DA0017F655 /* Build configuration list for PBXProject "MeetingRooms" */;
>>>>>>> 251e153dacfd44da44050864fa1bed0b90353316
			compatibilityVersion = "Xcode 9.3";
			developmentRegion = en;
			hasScannedForEncodings = 0;
			knownRegions = (
				en,
				Base,
			);
<<<<<<< HEAD
			mainGroup = 18F01E6023229215008AFF25;
			productRefGroup = 18F01E6A23229215008AFF25 /* Products */;
			projectDirPath = "";
			projectRoot = "";
			targets = (
				18F01E6823229215008AFF25 /* MeetingRooms */,
=======
			mainGroup = 181553502333A0DA0017F655;
			productRefGroup = 1815535A2333A0DA0017F655 /* Products */;
			projectDirPath = "";
			projectRoot = "";
			targets = (
				181553582333A0DA0017F655 /* MeetingRooms */,
>>>>>>> 251e153dacfd44da44050864fa1bed0b90353316
			);
		};
/* End PBXProject section */

/* Begin PBXResourcesBuildPhase section */
<<<<<<< HEAD
		18F01E6723229215008AFF25 /* Resources */ = {
			isa = PBXResourcesBuildPhase;
			buildActionMask = 2147483647;
			files = (
				18F01E7723229217008AFF25 /* LaunchScreen.storyboard in Resources */,
				18F01E7423229217008AFF25 /* Assets.xcassets in Resources */,
				18F01E7223229215008AFF25 /* Main.storyboard in Resources */,
=======
		181553572333A0DA0017F655 /* Resources */ = {
			isa = PBXResourcesBuildPhase;
			buildActionMask = 2147483647;
			files = (
				181553672333A0DB0017F655 /* LaunchScreen.storyboard in Resources */,
				181553642333A0DB0017F655 /* Assets.xcassets in Resources */,
				181553622333A0DA0017F655 /* Main.storyboard in Resources */,
>>>>>>> 251e153dacfd44da44050864fa1bed0b90353316
			);
			runOnlyForDeploymentPostprocessing = 0;
		};
/* End PBXResourcesBuildPhase section */

/* Begin PBXSourcesBuildPhase section */
<<<<<<< HEAD
		18F01E6523229215008AFF25 /* Sources */ = {
			isa = PBXSourcesBuildPhase;
			buildActionMask = 2147483647;
			files = (
				18F01E6F23229215008AFF25 /* ViewController.swift in Sources */,
				18F01E6D23229215008AFF25 /* AppDelegate.swift in Sources */,
=======
		181553552333A0DA0017F655 /* Sources */ = {
			isa = PBXSourcesBuildPhase;
			buildActionMask = 2147483647;
			files = (
				1815535F2333A0DA0017F655 /* ViewController.swift in Sources */,
				1815535D2333A0DA0017F655 /* AppDelegate.swift in Sources */,
				1815536F2333A90E0017F655 /* MeetingRoomListViewController.swift in Sources */,
>>>>>>> 251e153dacfd44da44050864fa1bed0b90353316
			);
			runOnlyForDeploymentPostprocessing = 0;
		};
/* End PBXSourcesBuildPhase section */

/* Begin PBXVariantGroup section */
<<<<<<< HEAD
		18F01E7023229215008AFF25 /* Main.storyboard */ = {
			isa = PBXVariantGroup;
			children = (
				18F01E7123229215008AFF25 /* Base */,
=======
		181553602333A0DA0017F655 /* Main.storyboard */ = {
			isa = PBXVariantGroup;
			children = (
				181553612333A0DA0017F655 /* Base */,
>>>>>>> 251e153dacfd44da44050864fa1bed0b90353316
			);
			name = Main.storyboard;
			sourceTree = "<group>";
		};
<<<<<<< HEAD
		18F01E7523229217008AFF25 /* LaunchScreen.storyboard */ = {
			isa = PBXVariantGroup;
			children = (
				18F01E7623229217008AFF25 /* Base */,
=======
		181553652333A0DB0017F655 /* LaunchScreen.storyboard */ = {
			isa = PBXVariantGroup;
			children = (
				181553662333A0DB0017F655 /* Base */,
>>>>>>> 251e153dacfd44da44050864fa1bed0b90353316
			);
			name = LaunchScreen.storyboard;
			sourceTree = "<group>";
		};
/* End PBXVariantGroup section */

/* Begin XCBuildConfiguration section */
<<<<<<< HEAD
		18F01E7923229217008AFF25 /* Debug */ = {
=======
		181553692333A0DB0017F655 /* Debug */ = {
>>>>>>> 251e153dacfd44da44050864fa1bed0b90353316
			isa = XCBuildConfiguration;
			buildSettings = {
				ALWAYS_SEARCH_USER_PATHS = NO;
				CLANG_ANALYZER_NONNULL = YES;
				CLANG_ANALYZER_NUMBER_OBJECT_CONVERSION = YES_AGGRESSIVE;
				CLANG_CXX_LANGUAGE_STANDARD = "gnu++14";
				CLANG_CXX_LIBRARY = "libc++";
				CLANG_ENABLE_MODULES = YES;
				CLANG_ENABLE_OBJC_ARC = YES;
				CLANG_ENABLE_OBJC_WEAK = YES;
				CLANG_WARN_BLOCK_CAPTURE_AUTORELEASING = YES;
				CLANG_WARN_BOOL_CONVERSION = YES;
				CLANG_WARN_COMMA = YES;
				CLANG_WARN_CONSTANT_CONVERSION = YES;
				CLANG_WARN_DEPRECATED_OBJC_IMPLEMENTATIONS = YES;
				CLANG_WARN_DIRECT_OBJC_ISA_USAGE = YES_ERROR;
				CLANG_WARN_DOCUMENTATION_COMMENTS = YES;
				CLANG_WARN_EMPTY_BODY = YES;
				CLANG_WARN_ENUM_CONVERSION = YES;
				CLANG_WARN_INFINITE_RECURSION = YES;
				CLANG_WARN_INT_CONVERSION = YES;
				CLANG_WARN_NON_LITERAL_NULL_CONVERSION = YES;
				CLANG_WARN_OBJC_IMPLICIT_RETAIN_SELF = YES;
				CLANG_WARN_OBJC_LITERAL_CONVERSION = YES;
				CLANG_WARN_OBJC_ROOT_CLASS = YES_ERROR;
				CLANG_WARN_RANGE_LOOP_ANALYSIS = YES;
				CLANG_WARN_STRICT_PROTOTYPES = YES;
				CLANG_WARN_SUSPICIOUS_MOVE = YES;
				CLANG_WARN_UNGUARDED_AVAILABILITY = YES_AGGRESSIVE;
				CLANG_WARN_UNREACHABLE_CODE = YES;
				CLANG_WARN__DUPLICATE_METHOD_MATCH = YES;
				CODE_SIGN_IDENTITY = "iPhone Developer";
				COPY_PHASE_STRIP = NO;
				DEBUG_INFORMATION_FORMAT = dwarf;
				ENABLE_STRICT_OBJC_MSGSEND = YES;
				ENABLE_TESTABILITY = YES;
				GCC_C_LANGUAGE_STANDARD = gnu11;
				GCC_DYNAMIC_NO_PIC = NO;
				GCC_NO_COMMON_BLOCKS = YES;
				GCC_OPTIMIZATION_LEVEL = 0;
				GCC_PREPROCESSOR_DEFINITIONS = (
					"DEBUG=1",
					"$(inherited)",
				);
				GCC_WARN_64_TO_32_BIT_CONVERSION = YES;
				GCC_WARN_ABOUT_RETURN_TYPE = YES_ERROR;
				GCC_WARN_UNDECLARED_SELECTOR = YES;
				GCC_WARN_UNINITIALIZED_AUTOS = YES_AGGRESSIVE;
				GCC_WARN_UNUSED_FUNCTION = YES;
				GCC_WARN_UNUSED_VARIABLE = YES;
				IPHONEOS_DEPLOYMENT_TARGET = 12.4;
				MTL_ENABLE_DEBUG_INFO = INCLUDE_SOURCE;
				MTL_FAST_MATH = YES;
				ONLY_ACTIVE_ARCH = YES;
				SDKROOT = iphoneos;
				SWIFT_ACTIVE_COMPILATION_CONDITIONS = DEBUG;
				SWIFT_OPTIMIZATION_LEVEL = "-Onone";
			};
			name = Debug;
		};
<<<<<<< HEAD
		18F01E7A23229217008AFF25 /* Release */ = {
=======
		1815536A2333A0DB0017F655 /* Release */ = {
>>>>>>> 251e153dacfd44da44050864fa1bed0b90353316
			isa = XCBuildConfiguration;
			buildSettings = {
				ALWAYS_SEARCH_USER_PATHS = NO;
				CLANG_ANALYZER_NONNULL = YES;
				CLANG_ANALYZER_NUMBER_OBJECT_CONVERSION = YES_AGGRESSIVE;
				CLANG_CXX_LANGUAGE_STANDARD = "gnu++14";
				CLANG_CXX_LIBRARY = "libc++";
				CLANG_ENABLE_MODULES = YES;
				CLANG_ENABLE_OBJC_ARC = YES;
				CLANG_ENABLE_OBJC_WEAK = YES;
				CLANG_WARN_BLOCK_CAPTURE_AUTORELEASING = YES;
				CLANG_WARN_BOOL_CONVERSION = YES;
				CLANG_WARN_COMMA = YES;
				CLANG_WARN_CONSTANT_CONVERSION = YES;
				CLANG_WARN_DEPRECATED_OBJC_IMPLEMENTATIONS = YES;
				CLANG_WARN_DIRECT_OBJC_ISA_USAGE = YES_ERROR;
				CLANG_WARN_DOCUMENTATION_COMMENTS = YES;
				CLANG_WARN_EMPTY_BODY = YES;
				CLANG_WARN_ENUM_CONVERSION = YES;
				CLANG_WARN_INFINITE_RECURSION = YES;
				CLANG_WARN_INT_CONVERSION = YES;
				CLANG_WARN_NON_LITERAL_NULL_CONVERSION = YES;
				CLANG_WARN_OBJC_IMPLICIT_RETAIN_SELF = YES;
				CLANG_WARN_OBJC_LITERAL_CONVERSION = YES;
				CLANG_WARN_OBJC_ROOT_CLASS = YES_ERROR;
				CLANG_WARN_RANGE_LOOP_ANALYSIS = YES;
				CLANG_WARN_STRICT_PROTOTYPES = YES;
				CLANG_WARN_SUSPICIOUS_MOVE = YES;
				CLANG_WARN_UNGUARDED_AVAILABILITY = YES_AGGRESSIVE;
				CLANG_WARN_UNREACHABLE_CODE = YES;
				CLANG_WARN__DUPLICATE_METHOD_MATCH = YES;
				CODE_SIGN_IDENTITY = "iPhone Developer";
				COPY_PHASE_STRIP = NO;
				DEBUG_INFORMATION_FORMAT = "dwarf-with-dsym";
				ENABLE_NS_ASSERTIONS = NO;
				ENABLE_STRICT_OBJC_MSGSEND = YES;
				GCC_C_LANGUAGE_STANDARD = gnu11;
				GCC_NO_COMMON_BLOCKS = YES;
				GCC_WARN_64_TO_32_BIT_CONVERSION = YES;
				GCC_WARN_ABOUT_RETURN_TYPE = YES_ERROR;
				GCC_WARN_UNDECLARED_SELECTOR = YES;
				GCC_WARN_UNINITIALIZED_AUTOS = YES_AGGRESSIVE;
				GCC_WARN_UNUSED_FUNCTION = YES;
				GCC_WARN_UNUSED_VARIABLE = YES;
				IPHONEOS_DEPLOYMENT_TARGET = 12.4;
				MTL_ENABLE_DEBUG_INFO = NO;
				MTL_FAST_MATH = YES;
				SDKROOT = iphoneos;
				SWIFT_COMPILATION_MODE = wholemodule;
				SWIFT_OPTIMIZATION_LEVEL = "-O";
				VALIDATE_PRODUCT = YES;
			};
			name = Release;
		};
<<<<<<< HEAD
		18F01E7C23229217008AFF25 /* Debug */ = {
=======
		1815536C2333A0DB0017F655 /* Debug */ = {
>>>>>>> 251e153dacfd44da44050864fa1bed0b90353316
			isa = XCBuildConfiguration;
			buildSettings = {
				ASSETCATALOG_COMPILER_APPICON_NAME = AppIcon;
				CODE_SIGN_STYLE = Automatic;
				INFOPLIST_FILE = MeetingRooms/Info.plist;
				LD_RUNPATH_SEARCH_PATHS = (
					"$(inherited)",
					"@executable_path/Frameworks",
				);
				PRODUCT_BUNDLE_IDENTIFIER = com.yhk.MeetingRooms;
				PRODUCT_NAME = "$(TARGET_NAME)";
				SWIFT_VERSION = 5.0;
				TARGETED_DEVICE_FAMILY = "1,2";
			};
			name = Debug;
		};
<<<<<<< HEAD
		18F01E7D23229217008AFF25 /* Release */ = {
=======
		1815536D2333A0DB0017F655 /* Release */ = {
>>>>>>> 251e153dacfd44da44050864fa1bed0b90353316
			isa = XCBuildConfiguration;
			buildSettings = {
				ASSETCATALOG_COMPILER_APPICON_NAME = AppIcon;
				CODE_SIGN_STYLE = Automatic;
				INFOPLIST_FILE = MeetingRooms/Info.plist;
				LD_RUNPATH_SEARCH_PATHS = (
					"$(inherited)",
					"@executable_path/Frameworks",
				);
				PRODUCT_BUNDLE_IDENTIFIER = com.yhk.MeetingRooms;
				PRODUCT_NAME = "$(TARGET_NAME)";
				SWIFT_VERSION = 5.0;
				TARGETED_DEVICE_FAMILY = "1,2";
			};
			name = Release;
		};
/* End XCBuildConfiguration section */

/* Begin XCConfigurationList section */
<<<<<<< HEAD
		18F01E6423229215008AFF25 /* Build configuration list for PBXProject "MeetingRooms" */ = {
			isa = XCConfigurationList;
			buildConfigurations = (
				18F01E7923229217008AFF25 /* Debug */,
				18F01E7A23229217008AFF25 /* Release */,
=======
		181553542333A0DA0017F655 /* Build configuration list for PBXProject "MeetingRooms" */ = {
			isa = XCConfigurationList;
			buildConfigurations = (
				181553692333A0DB0017F655 /* Debug */,
				1815536A2333A0DB0017F655 /* Release */,
>>>>>>> 251e153dacfd44da44050864fa1bed0b90353316
			);
			defaultConfigurationIsVisible = 0;
			defaultConfigurationName = Release;
		};
<<<<<<< HEAD
		18F01E7B23229217008AFF25 /* Build configuration list for PBXNativeTarget "MeetingRooms" */ = {
			isa = XCConfigurationList;
			buildConfigurations = (
				18F01E7C23229217008AFF25 /* Debug */,
				18F01E7D23229217008AFF25 /* Release */,
=======
		1815536B2333A0DB0017F655 /* Build configuration list for PBXNativeTarget "MeetingRooms" */ = {
			isa = XCConfigurationList;
			buildConfigurations = (
				1815536C2333A0DB0017F655 /* Debug */,
				1815536D2333A0DB0017F655 /* Release */,
>>>>>>> 251e153dacfd44da44050864fa1bed0b90353316
			);
			defaultConfigurationIsVisible = 0;
			defaultConfigurationName = Release;
		};
/* End XCConfigurationList section */
	};
<<<<<<< HEAD
	rootObject = 18F01E6123229215008AFF25 /* Project object */;
=======
	rootObject = 181553512333A0DA0017F655 /* Project object */;
>>>>>>> 251e153dacfd44da44050864fa1bed0b90353316
}
